
Microsoft Visual Studio Solution File, Format Version 12.00
# Visual Studio Version 17
VisualStudioVersion = 17.9.34714.143
MinimumVisualStudioVersion = 10.0.40219.1
Project("{9A19103F-16F7-4668-BE54-9A1E7A4F7556}") = "AirlineTicketSystem", "AirlineTicketSystem\AirlineTicketSystem.csproj", "{FD12E12B-6ABD-418E-830D-44C7FA4A4061}"
EndProject
Project("{FAE04EC0-301F-11D3-BF4B-00C04F79EFBC}") = "AirlineTicketSystem.Tests", "AirlineTicketSystem.Tests\AirlineTicketSystem.Tests.csproj", "{EC1E242B-F9FE-4416-B5B7-4C4B3753D8D8}"
EndProject

Global
	GlobalSection(SolutionConfigurationPlatforms) = preSolution
		Debug|Any CPU = Debug|Any CPU
		Release|Any CPU = Release|Any CPU
	EndGlobalSection
	GlobalSection(ProjectConfigurationPlatforms) = postSolution
		{FD12E12B-6ABD-418E-830D-44C7FA4A4061}.Debug|Any CPU.ActiveCfg = Debug|Any CPU
		{FD12E12B-6ABD-418E-830D-44C7FA4A4061}.Debug|Any CPU.Build.0 = Debug|Any CPU
		{FD12E12B-6ABD-418E-830D-44C7FA4A4061}.Release|Any CPU.ActiveCfg = Release|Any CPU
		{FD12E12B-6ABD-418E-830D-44C7FA4A4061}.Release|Any CPU.Build.0 = Release|Any CPU
		{EC1E242B-F9FE-4416-B5B7-4C4B3753D8D8}.Debug|Any CPU.ActiveCfg = Debug|Any CPU
		{EC1E242B-F9FE-4416-B5B7-4C4B3753D8D8}.Debug|Any CPU.Build.0 = Debug|Any CPU
		{EC1E242B-F9FE-4416-B5B7-4C4B3753D8D8}.Release|Any CPU.ActiveCfg = Release|Any CPU
		{EC1E242B-F9FE-4416-B5B7-4C4B3753D8D8}.Release|Any CPU.Build.0 = Release|Any CPU
		{2E9CD468-51B6-4ADE-8645-22B4E61981F6}.Debug|Any CPU.ActiveCfg = Debug|Any CPU
		{2E9CD468-51B6-4ADE-8645-22B4E61981F6}.Debug|Any CPU.Build.0 = Debug|Any CPU
		{2E9CD468-51B6-4ADE-8645-22B4E61981F6}.Release|Any CPU.ActiveCfg = Release|Any CPU
		{2E9CD468-51B6-4ADE-8645-22B4E61981F6}.Release|Any CPU.Build.0 = Release|Any CPU
	EndGlobalSection
	GlobalSection(SolutionProperties) = preSolution
		HideSolutionNode = FALSE
	EndGlobalSection
	GlobalSection(ExtensibilityGlobals) = postSolution
		SolutionGuid = {C18603CB-6FB5-4E21-84E1-8ECD97F3DA1C}
	EndGlobalSection
EndGlobal
